
Microsoft Visual Studio Solution File, Format Version 12.00
# Visual Studio 15
VisualStudioVersion = 15.0.28307.136
MinimumVisualStudioVersion = 10.0.40219.1
Project("{FAE04EC0-301F-11D3-BF4B-00C04F79EFBC}") = "WebApplication1", "WebApplication1\WebApplication1.csproj", "{44DE15C9-9A2A-4062-9625-882DD4D25B38}"
EndProject
Global
	GlobalSection(SolutionConfigurationPlatforms) = preSolution
		Debug|Any CPU = Debug|Any CPU
		Release|Any CPU = Release|Any CPU
	EndGlobalSection
	GlobalSection(ProjectConfigurationPlatforms) = postSolution
		{44DE15C9-9A2A-4062-9625-882DD4D25B38}.Debug|Any CPU.ActiveCfg = Debug|Any CPU
		{44DE15C9-9A2A-4062-9625-882DD4D25B38}.Debug|Any CPU.Build.0 = Debug|Any CPU
		{44DE15C9-9A2A-4062-9625-882DD4D25B38}.Release|Any CPU.ActiveCfg = Release|Any CPU
		{44DE15C9-9A2A-4062-9625-882DD4D25B38}.Release|Any CPU.Build.0 = Release|Any CPU
	EndGlobalSection
	GlobalSection(SolutionProperties) = preSolution
		HideSolutionNode = FALSE
	EndGlobalSection
	GlobalSection(ExtensibilityGlobals) = postSolution
		SolutionGuid = {EEF54945-764E-406A-814F-066C1A5A40FF}
	EndGlobalSection
EndGlobal
