
Microsoft Visual Studio Solution File, Format Version 12.00
# Visual Studio 15
VisualStudioVersion = 15.0.28307.136
MinimumVisualStudioVersion = 10.0.40219.1
Project("{9A19103F-16F7-4668-BE54-9A1E7A4F7556}") = "MLFlow.NET.Lib", "MLFlow.NET.Lib\MLFlow.NET.Lib.csproj", "{26C3E892-C137-4F5F-8D9F-3FD1D9677346}"
EndProject
Project("{9A19103F-16F7-4668-BE54-9A1E7A4F7556}") = "MLFlow.NET.Tests", "MLFlow.NET.Tests\MLFlow.NET.Tests.csproj", "{D7E75D6B-239F-4764-AC59-ED9C7783B9A3}"
EndProject
Project("{9A19103F-16F7-4668-BE54-9A1E7A4F7556}") = "MLFlow.Sample.CLI", "MLFlow.Sample.CLI\MLFlow.Sample.CLI.csproj", "{26A998D0-CCD5-4BAF-B165-44F63C2ED73F}"
EndProject
Project("{2150E333-8FDC-42A3-9474-1A3956D46DE8}") = "Samples", "Samples", "{471D3F2B-628C-495B-889B-32A7EBDDD6D4}"
EndProject
Global
	GlobalSection(SolutionConfigurationPlatforms) = preSolution
		Debug|Any CPU = Debug|Any CPU
		Release|Any CPU = Release|Any CPU
	EndGlobalSection
	GlobalSection(ProjectConfigurationPlatforms) = postSolution
		{26C3E892-C137-4F5F-8D9F-3FD1D9677346}.Debug|Any CPU.ActiveCfg = Debug|Any CPU
		{26C3E892-C137-4F5F-8D9F-3FD1D9677346}.Debug|Any CPU.Build.0 = Debug|Any CPU
		{26C3E892-C137-4F5F-8D9F-3FD1D9677346}.Release|Any CPU.ActiveCfg = Release|Any CPU
		{26C3E892-C137-4F5F-8D9F-3FD1D9677346}.Release|Any CPU.Build.0 = Release|Any CPU
		{D7E75D6B-239F-4764-AC59-ED9C7783B9A3}.Debug|Any CPU.ActiveCfg = Debug|Any CPU
		{D7E75D6B-239F-4764-AC59-ED9C7783B9A3}.Debug|Any CPU.Build.0 = Debug|Any CPU
		{D7E75D6B-239F-4764-AC59-ED9C7783B9A3}.Release|Any CPU.ActiveCfg = Release|Any CPU
		{D7E75D6B-239F-4764-AC59-ED9C7783B9A3}.Release|Any CPU.Build.0 = Release|Any CPU
		{26A998D0-CCD5-4BAF-B165-44F63C2ED73F}.Debug|Any CPU.ActiveCfg = Debug|Any CPU
		{26A998D0-CCD5-4BAF-B165-44F63C2ED73F}.Debug|Any CPU.Build.0 = Debug|Any CPU
		{26A998D0-CCD5-4BAF-B165-44F63C2ED73F}.Release|Any CPU.ActiveCfg = Release|Any CPU
		{26A998D0-CCD5-4BAF-B165-44F63C2ED73F}.Release|Any CPU.Build.0 = Release|Any CPU
	EndGlobalSection
	GlobalSection(SolutionProperties) = preSolution
		HideSolutionNode = FALSE
	EndGlobalSection
	GlobalSection(NestedProjects) = preSolution
		{26A998D0-CCD5-4BAF-B165-44F63C2ED73F} = {471D3F2B-628C-495B-889B-32A7EBDDD6D4}
	EndGlobalSection
	GlobalSection(ExtensibilityGlobals) = postSolution
		SolutionGuid = {2C0816C7-D434-41D2-8DB3-E4BE6E43ECB7}
	EndGlobalSection
EndGlobal
